
Microsoft Visual Studio Solution File, Format Version 12.00
# Visual Studio Version 17
VisualStudioVersion = 17.8.34309.116
MinimumVisualStudioVersion = 10.0.40219.1
Project("{FAE04EC0-301F-11D3-BF4B-00C04F79EFBC}") = "ModelsLubrary", "ModelsLubrary.csproj", "{329C1960-E2CC-4EEF-817B-8B2289362749}"
EndProject
Global
	GlobalSection(SolutionConfigurationPlatforms) = preSolution
		Debug|Any CPU = Debug|Any CPU
		Release|Any CPU = Release|Any CPU
	EndGlobalSection
	GlobalSection(ProjectConfigurationPlatforms) = postSolution
		{329C1960-E2CC-4EEF-817B-8B2289362749}.Debug|Any CPU.ActiveCfg = Debug|Any CPU
		{329C1960-E2CC-4EEF-817B-8B2289362749}.Debug|Any CPU.Build.0 = Debug|Any CPU
		{329C1960-E2CC-4EEF-817B-8B2289362749}.Release|Any CPU.ActiveCfg = Release|Any CPU
		{329C1960-E2CC-4EEF-817B-8B2289362749}.Release|Any CPU.Build.0 = Release|Any CPU
	EndGlobalSection
	GlobalSection(SolutionProperties) = preSolution
		HideSolutionNode = FALSE
	EndGlobalSection
	GlobalSection(ExtensibilityGlobals) = postSolution
		SolutionGuid = {7A313A9D-1268-420B-B669-0848346D2561}
	EndGlobalSection
EndGlobal
